// !$*UTF8*$!
{
	archiveVersion = 1;
	classes = {
	};
	objectVersion = 55;
	objects = {

/* Begin PBXBuildFile section */
		0F8E675028620D590020205A /* Globals.swift in Sources */ = {isa = PBXBuildFile; fileRef = 0F8E674F28620D590020205A /* Globals.swift */; };
		0FE4439128610A3200E54C50 /* SwiftParsingPlaygroundApp.swift in Sources */ = {isa = PBXBuildFile; fileRef = 0FE4439028610A3200E54C50 /* SwiftParsingPlaygroundApp.swift */; };
		0FE4439328610A3200E54C50 /* ContentView.swift in Sources */ = {isa = PBXBuildFile; fileRef = 0FE4439228610A3200E54C50 /* ContentView.swift */; };
		0FE4439528610A3300E54C50 /* Assets.xcassets in Resources */ = {isa = PBXBuildFile; fileRef = 0FE4439428610A3300E54C50 /* Assets.xcassets */; };
		0FE4439828610A3300E54C50 /* Preview Assets.xcassets in Resources */ = {isa = PBXBuildFile; fileRef = 0FE4439728610A3300E54C50 /* Preview Assets.xcassets */; };
		0FE443A128610A9000E54C50 /* Shell in Frameworks */ = {isa = PBXBuildFile; productRef = 0FE443A028610A9000E54C50 /* Shell */; };
/* End PBXBuildFile section */

/* Begin PBXFileReference section */
		0F8E674F28620D590020205A /* Globals.swift */ = {isa = PBXFileReference; fileEncoding = 4; lastKnownFileType = sourcecode.swift; path = Globals.swift; sourceTree = "<group>"; };
		0FE4438D28610A3200E54C50 /* SwiftParsingPlayground.app */ = {isa = PBXFileReference; explicitFileType = wrapper.application; includeInIndex = 0; path = SwiftParsingPlayground.app; sourceTree = BUILT_PRODUCTS_DIR; };
		0FE4439028610A3200E54C50 /* SwiftParsingPlaygroundApp.swift */ = {isa = PBXFileReference; lastKnownFileType = sourcecode.swift; path = SwiftParsingPlaygroundApp.swift; sourceTree = "<group>"; };
		0FE4439228610A3200E54C50 /* ContentView.swift */ = {isa = PBXFileReference; lastKnownFileType = sourcecode.swift; path = ContentView.swift; sourceTree = "<group>"; };
		0FE4439428610A3300E54C50 /* Assets.xcassets */ = {isa = PBXFileReference; lastKnownFileType = folder.assetcatalog; path = Assets.xcassets; sourceTree = "<group>"; };
		0FE4439728610A3300E54C50 /* Preview Assets.xcassets */ = {isa = PBXFileReference; lastKnownFileType = folder.assetcatalog; path = "Preview Assets.xcassets"; sourceTree = "<group>"; };
		0FE4439928610A3300E54C50 /* SwiftParsingPlayground.entitlements */ = {isa = PBXFileReference; lastKnownFileType = text.plist.entitlements; path = SwiftParsingPlayground.entitlements; sourceTree = "<group>"; };
/* End PBXFileReference section */

/* Begin PBXFrameworksBuildPhase section */
		0FE4438A28610A3200E54C50 /* Frameworks */ = {
			isa = PBXFrameworksBuildPhase;
			buildActionMask = 2147483647;
			files = (
				0FE443A128610A9000E54C50 /* Shell in Frameworks */,
			);
			runOnlyForDeploymentPostprocessing = 0;
		};
/* End PBXFrameworksBuildPhase section */

/* Begin PBXGroup section */
		0FE4438428610A3200E54C50 = {
			isa = PBXGroup;
			children = (
				0FE4438F28610A3200E54C50 /* SwiftParsingPlayground */,
				0FE4438E28610A3200E54C50 /* Products */,
			);
			sourceTree = "<group>";
		};
		0FE4438E28610A3200E54C50 /* Products */ = {
			isa = PBXGroup;
			children = (
				0FE4438D28610A3200E54C50 /* SwiftParsingPlayground.app */,
			);
			name = Products;
			sourceTree = "<group>";
		};
		0FE4438F28610A3200E54C50 /* SwiftParsingPlayground */ = {
			isa = PBXGroup;
			children = (
				0FE4439028610A3200E54C50 /* SwiftParsingPlaygroundApp.swift */,
				0F8E674F28620D590020205A /* Globals.swift */,
				0FE4439228610A3200E54C50 /* ContentView.swift */,
				0FE4439428610A3300E54C50 /* Assets.xcassets */,
				0FE4439928610A3300E54C50 /* SwiftParsingPlayground.entitlements */,
				0FE4439628610A3300E54C50 /* Preview Content */,
			);
			path = SwiftParsingPlayground;
			sourceTree = "<group>";
		};
		0FE4439628610A3300E54C50 /* Preview Content */ = {
			isa = PBXGroup;
			children = (
				0FE4439728610A3300E54C50 /* Preview Assets.xcassets */,
			);
			path = "Preview Content";
			sourceTree = "<group>";
		};
/* End PBXGroup section */

/* Begin PBXNativeTarget section */
		0FE4438C28610A3200E54C50 /* SwiftParsingPlayground */ = {
			isa = PBXNativeTarget;
			buildConfigurationList = 0FE4439C28610A3300E54C50 /* Build configuration list for PBXNativeTarget "SwiftParsingPlayground" */;
			buildPhases = (
				0FE4438928610A3200E54C50 /* Sources */,
				0FE4438A28610A3200E54C50 /* Frameworks */,
				0FE4438B28610A3200E54C50 /* Resources */,
			);
			buildRules = (
			);
			dependencies = (
			);
			name = SwiftParsingPlayground;
			packageProductDependencies = (
				0FE443A028610A9000E54C50 /* Shell */,
			);
			productName = SwiftParsingPlayground;
			productReference = 0FE4438D28610A3200E54C50 /* SwiftParsingPlayground.app */;
			productType = "com.apple.product-type.application";
		};
/* End PBXNativeTarget section */

/* Begin PBXProject section */
		0FE4438528610A3200E54C50 /* Project object */ = {
			isa = PBXProject;
			attributes = {
				BuildIndependentTargetsInParallel = 1;
				LastSwiftUpdateCheck = 1340;
				LastUpgradeCheck = 1340;
				TargetAttributes = {
					0FE4438C28610A3200E54C50 = {
						CreatedOnToolsVersion = 13.4.1;
					};
				};
			};
			buildConfigurationList = 0FE4438828610A3200E54C50 /* Build configuration list for PBXProject "SwiftParsingPlayground" */;
			compatibilityVersion = "Xcode 13.0";
			developmentRegion = en;
			hasScannedForEncodings = 0;
			knownRegions = (
				en,
				Base,
			);
			mainGroup = 0FE4438428610A3200E54C50;
			packageReferences = (
				0FE4439F28610A9000E54C50 /* XCRemoteSwiftPackageReference "Shell" */,
			);
			productRefGroup = 0FE4438E28610A3200E54C50 /* Products */;
			projectDirPath = "";
			projectRoot = "";
			targets = (
				0FE4438C28610A3200E54C50 /* SwiftParsingPlayground */,
			);
		};
/* End PBXProject section */

/* Begin PBXResourcesBuildPhase section */
		0FE4438B28610A3200E54C50 /* Resources */ = {
			isa = PBXResourcesBuildPhase;
			buildActionMask = 2147483647;
			files = (
				0FE4439828610A3300E54C50 /* Preview Assets.xcassets in Resources */,
				0FE4439528610A3300E54C50 /* Assets.xcassets in Resources */,
			);
			runOnlyForDeploymentPostprocessing = 0;
		};
/* End PBXResourcesBuildPhase section */

/* Begin PBXSourcesBuildPhase section */
		0FE4438928610A3200E54C50 /* Sources */ = {
			isa = PBXSourcesBuildPhase;
			buildActionMask = 2147483647;
			files = (
				0FE4439328610A3200E54C50 /* ContentView.swift in Sources */,
				0FE4439128610A3200E54C50 /* SwiftParsingPlaygroundApp.swift in Sources */,
				0F8E675028620D590020205A /* Globals.swift in Sources */,
			);
			runOnlyForDeploymentPostprocessing = 0;
		};
/* End PBXSourcesBuildPhase section */

/* Begin XCBuildConfiguration section */
		0FE4439A28610A3300E54C50 /* Debug */ = {
			isa = XCBuildConfiguration;
			buildSettings = {
				ALWAYS_SEARCH_USER_PATHS = NO;
				CLANG_ANALYZER_NONNULL = YES;
				CLANG_ANALYZER_NUMBER_OBJECT_CONVERSION = YES_AGGRESSIVE;
				CLANG_CXX_LANGUAGE_STANDARD = "gnu++17";
				CLANG_ENABLE_MODULES = YES;
				CLANG_ENABLE_OBJC_ARC = YES;
				CLANG_ENABLE_OBJC_WEAK = YES;
				CLANG_WARN_BLOCK_CAPTURE_AUTORELEASING = YES;
				CLANG_WARN_BOOL_CONVERSION = YES;
				CLANG_WARN_COMMA = YES;
				CLANG_WARN_CONSTANT_CONVERSION = YES;
				CLANG_WARN_DEPRECATED_OBJC_IMPLEMENTATIONS = YES;
				CLANG_WARN_DIRECT_OBJC_ISA_USAGE = YES_ERROR;
				CLANG_WARN_DOCUMENTATION_COMMENTS = YES;
				CLANG_WARN_EMPTY_BODY = YES;
				CLANG_WARN_ENUM_CONVERSION = YES;
				CLANG_WARN_INFINITE_RECURSION = YES;
				CLANG_WARN_INT_CONVERSION = YES;
				CLANG_WARN_NON_LITERAL_NULL_CONVERSION = YES;
				CLANG_WARN_OBJC_IMPLICIT_RETAIN_SELF = YES;
				CLANG_WARN_OBJC_LITERAL_CONVERSION = YES;
				CLANG_WARN_OBJC_ROOT_CLASS = YES_ERROR;
				CLANG_WARN_QUOTED_INCLUDE_IN_FRAMEWORK_HEADER = YES;
				CLANG_WARN_RANGE_LOOP_ANALYSIS = YES;
				CLANG_WARN_STRICT_PROTOTYPES = YES;
				CLANG_WARN_SUSPICIOUS_MOVE = YES;
				CLANG_WARN_UNGUARDED_AVAILABILITY = YES_AGGRESSIVE;
				CLANG_WARN_UNREACHABLE_CODE = YES;
				CLANG_WARN__DUPLICATE_METHOD_MATCH = YES;
				COPY_PHASE_STRIP = NO;
				DEBUG_INFORMATION_FORMAT = dwarf;
				ENABLE_STRICT_OBJC_MSGSEND = YES;
				ENABLE_TESTABILITY = YES;
				GCC_C_LANGUAGE_STANDARD = gnu11;
				GCC_DYNAMIC_NO_PIC = NO;
				GCC_NO_COMMON_BLOCKS = YES;
				GCC_OPTIMIZATION_LEVEL = 0;
				GCC_PREPROCESSOR_DEFINITIONS = (
					"DEBUG=1",
					"$(inherited)",
				);
				GCC_WARN_64_TO_32_BIT_CONVERSION = YES;
				GCC_WARN_ABOUT_RETURN_TYPE = YES_ERROR;
				GCC_WARN_UNDECLARED_SELECTOR = YES;
				GCC_WARN_UNINITIALIZED_AUTOS = YES_AGGRESSIVE;
				GCC_WARN_UNUSED_FUNCTION = YES;
				GCC_WARN_UNUSED_VARIABLE = YES;
				MACOSX_DEPLOYMENT_TARGET = 12.3;
				MTL_ENABLE_DEBUG_INFO = INCLUDE_SOURCE;
				MTL_FAST_MATH = YES;
				ONLY_ACTIVE_ARCH = YES;
				SDKROOT = macosx;
				SWIFT_ACTIVE_COMPILATION_CONDITIONS = DEBUG;
				SWIFT_OPTIMIZATION_LEVEL = "-Onone";
			};
			name = Debug;
		};
		0FE4439B28610A3300E54C50 /* Release */ = {
			isa = XCBuildConfiguration;
			buildSettings = {
				ALWAYS_SEARCH_USER_PATHS = NO;
				CLANG_ANALYZER_NONNULL = YES;
				CLANG_ANALYZER_NUMBER_OBJECT_CONVERSION = YES_AGGRESSIVE;
				CLANG_CXX_LANGUAGE_STANDARD = "gnu++17";
				CLANG_ENABLE_MODULES = YES;
				CLANG_ENABLE_OBJC_ARC = YES;
				CLANG_ENABLE_OBJC_WEAK = YES;
				CLANG_WARN_BLOCK_CAPTURE_AUTORELEASING = YES;
				CLANG_WARN_BOOL_CONVERSION = YES;
				CLANG_WARN_COMMA = YES;
				CLANG_WARN_CONSTANT_CONVERSION = YES;
				CLANG_WARN_DEPRECATED_OBJC_IMPLEMENTATIONS = YES;
				CLANG_WARN_DIRECT_OBJC_ISA_USAGE = YES_ERROR;
				CLANG_WARN_DOCUMENTATION_COMMENTS = YES;
				CLANG_WARN_EMPTY_BODY = YES;
				CLANG_WARN_ENUM_CONVERSION = YES;
				CLANG_WARN_INFINITE_RECURSION = YES;
				CLANG_WARN_INT_CONVERSION = YES;
				CLANG_WARN_NON_LITERAL_NULL_CONVERSION = YES;
				CLANG_WARN_OBJC_IMPLICIT_RETAIN_SELF = YES;
				CLANG_WARN_OBJC_LITERAL_CONVERSION = YES;
				CLANG_WARN_OBJC_ROOT_CLASS = YES_ERROR;
				CLANG_WARN_QUOTED_INCLUDE_IN_FRAMEWORK_HEADER = YES;
				CLANG_WARN_RANGE_LOOP_ANALYSIS = YES;
				CLANG_WARN_STRICT_PROTOTYPES = YES;
				CLANG_WARN_SUSPICIOUS_MOVE = YES;
				CLANG_WARN_UNGUARDED_AVAILABILITY = YES_AGGRESSIVE;
				CLANG_WARN_UNREACHABLE_CODE = YES;
				CLANG_WARN__DUPLICATE_METHOD_MATCH = YES;
				COPY_PHASE_STRIP = NO;
				DEBUG_INFORMATION_FORMAT = "dwarf-with-dsym";
				ENABLE_NS_ASSERTIONS = NO;
				ENABLE_STRICT_OBJC_MSGSEND = YES;
				GCC_C_LANGUAGE_STANDARD = gnu11;
				GCC_NO_COMMON_BLOCKS = YES;
				GCC_WARN_64_TO_32_BIT_CONVERSION = YES;
				GCC_WARN_ABOUT_RETURN_TYPE = YES_ERROR;
				GCC_WARN_UNDECLARED_SELECTOR = YES;
				GCC_WARN_UNINITIALIZED_AUTOS = YES_AGGRESSIVE;
				GCC_WARN_UNUSED_FUNCTION = YES;
				GCC_WARN_UNUSED_VARIABLE = YES;
				MACOSX_DEPLOYMENT_TARGET = 12.3;
				MTL_ENABLE_DEBUG_INFO = NO;
				MTL_FAST_MATH = YES;
				SDKROOT = macosx;
				SWIFT_COMPILATION_MODE = wholemodule;
				SWIFT_OPTIMIZATION_LEVEL = "-O";
			};
			name = Release;
		};
		0FE4439D28610A3300E54C50 /* Debug */ = {
			isa = XCBuildConfiguration;
			buildSettings = {
				ASSETCATALOG_COMPILER_APPICON_NAME = AppIcon;
				ASSETCATALOG_COMPILER_GLOBAL_ACCENT_COLOR_NAME = AccentColor;
				CODE_SIGN_ENTITLEMENTS = SwiftParsingPlayground/SwiftParsingPlayground.entitlements;
				CODE_SIGN_STYLE = Automatic;
				COMBINE_HIDPI_IMAGES = YES;
				CURRENT_PROJECT_VERSION = 1;
				DEVELOPMENT_ASSET_PATHS = "\"SwiftParsingPlayground/Preview Content\"";
				DEVELOPMENT_TEAM = N95F8ZHG2S;
				ENABLE_HARDENED_RUNTIME = YES;
				ENABLE_PREVIEWS = YES;
				GENERATE_INFOPLIST_FILE = YES;
				INFOPLIST_KEY_NSHumanReadableCopyright = "";
				LD_RUNPATH_SEARCH_PATHS = (
					"$(inherited)",
					"@executable_path/../Frameworks",
				);
				MARKETING_VERSION = 1.0;
				PRODUCT_BUNDLE_IDENTIFIER = app.jaynjay.swiftParsingPlayground.prod.SwiftParsingPlayground;
				PRODUCT_NAME = "$(TARGET_NAME)";
				SWIFT_EMIT_LOC_STRINGS = YES;
				SWIFT_VERSION = 5.0;
			};
			name = Debug;
		};
		0FE4439E28610A3300E54C50 /* Release */ = {
			isa = XCBuildConfiguration;
			buildSettings = {
				ASSETCATALOG_COMPILER_APPICON_NAME = AppIcon;
				ASSETCATALOG_COMPILER_GLOBAL_ACCENT_COLOR_NAME = AccentColor;
				CODE_SIGN_ENTITLEMENTS = SwiftParsingPlayground/SwiftParsingPlayground.entitlements;
				CODE_SIGN_STYLE = Automatic;
				COMBINE_HIDPI_IMAGES = YES;
				CURRENT_PROJECT_VERSION = 1;
				DEVELOPMENT_ASSET_PATHS = "\"SwiftParsingPlayground/Preview Content\"";
				DEVELOPMENT_TEAM = N95F8ZHG2S;
				ENABLE_HARDENED_RUNTIME = YES;
				ENABLE_PREVIEWS = YES;
				GENERATE_INFOPLIST_FILE = YES;
				INFOPLIST_KEY_NSHumanReadableCopyright = "";
				LD_RUNPATH_SEARCH_PATHS = (
					"$(inherited)",
					"@executable_path/../Frameworks",
				);
				MARKETING_VERSION = 1.0;
				PRODUCT_BUNDLE_IDENTIFIER = app.jaynjay.swiftParsingPlayground.prod.SwiftParsingPlayground;
				PRODUCT_NAME = "$(TARGET_NAME)";
				SWIFT_EMIT_LOC_STRINGS = YES;
				SWIFT_VERSION = 5.0;
			};
			name = Release;
		};
/* End XCBuildConfiguration section */

/* Begin XCConfigurationList section */
		0FE4438828610A3200E54C50 /* Build configuration list for PBXProject "SwiftParsingPlayground" */ = {
			isa = XCConfigurationList;
			buildConfigurations = (
				0FE4439A28610A3300E54C50 /* Debug */,
				0FE4439B28610A3300E54C50 /* Release */,
			);
			defaultConfigurationIsVisible = 0;
			defaultConfigurationName = Release;
		};
		0FE4439C28610A3300E54C50 /* Build configuration list for PBXNativeTarget "SwiftParsingPlayground" */ = {
			isa = XCConfigurationList;
			buildConfigurations = (
				0FE4439D28610A3300E54C50 /* Debug */,
				0FE4439E28610A3300E54C50 /* Release */,
			);
			defaultConfigurationIsVisible = 0;
			defaultConfigurationName = Release;
		};
/* End XCConfigurationList section */

/* Begin XCRemoteSwiftPackageReference section */
		0FE4439F28610A9000E54C50 /* XCRemoteSwiftPackageReference "Shell" */ = {
			isa = XCRemoteSwiftPackageReference;
			repositoryURL = "https://github.com/mackoj/Shell.git";
			requirement = {
				branch = master;
				kind = branch;
			};
		};
/* End XCRemoteSwiftPackageReference section */

/* Begin XCSwiftPackageProductDependency section */
		0FE443A028610A9000E54C50 /* Shell */ = {
			isa = XCSwiftPackageProductDependency;
			package = 0FE4439F28610A9000E54C50 /* XCRemoteSwiftPackageReference "Shell" */;
			productName = Shell;
		};
/* End XCSwiftPackageProductDependency section */
	};
	rootObject = 0FE4438528610A3200E54C50 /* Project object */;
}
